
Microsoft Visual Studio Solution File, Format Version 12.00
# Visual Studio Version 17
VisualStudioVersion = 17.0.31903.59
MinimumVisualStudioVersion = 10.0.40219.1
Project("{FAE04EC0-301F-11D3-BF4B-00C04F79EFBC}") = "ColorsWeb", "ColorsWeb\ColorsWeb.csproj", "{30A8E003-9A7F-4FA9-AA49-11B8FE56F1C2}"
EndProject
Project("{FAE04EC0-301F-11D3-BF4B-00C04F79EFBC}") = "ColorsAPI", "ColorsAPI\ColorsAPI.csproj", "{4F4E691B-4E73-4614-A2F0-706D1163F257}"
EndProject
Global
	GlobalSection(SolutionConfigurationPlatforms) = preSolution
		Debug|Any CPU = Debug|Any CPU
		Release|Any CPU = Release|Any CPU
	EndGlobalSection
	GlobalSection(SolutionProperties) = preSolution
		HideSolutionNode = FALSE
	EndGlobalSection
	GlobalSection(ProjectConfigurationPlatforms) = postSolution
		{30A8E003-9A7F-4FA9-AA49-11B8FE56F1C2}.Debug|Any CPU.ActiveCfg = Debug|Any CPU
		{30A8E003-9A7F-4FA9-AA49-11B8FE56F1C2}.Debug|Any CPU.Build.0 = Debug|Any CPU
		{30A8E003-9A7F-4FA9-AA49-11B8FE56F1C2}.Release|Any CPU.ActiveCfg = Release|Any CPU
		{30A8E003-9A7F-4FA9-AA49-11B8FE56F1C2}.Release|Any CPU.Build.0 = Release|Any CPU
		{4F4E691B-4E73-4614-A2F0-706D1163F257}.Debug|Any CPU.ActiveCfg = Debug|Any CPU
		{4F4E691B-4E73-4614-A2F0-706D1163F257}.Debug|Any CPU.Build.0 = Debug|Any CPU
		{4F4E691B-4E73-4614-A2F0-706D1163F257}.Release|Any CPU.ActiveCfg = Release|Any CPU
		{4F4E691B-4E73-4614-A2F0-706D1163F257}.Release|Any CPU.Build.0 = Release|Any CPU
	EndGlobalSection
EndGlobal
